
Microsoft Visual Studio Solution File, Format Version 12.00
# Visual Studio Version 17
VisualStudioVersion = 17.6.33829.357
MinimumVisualStudioVersion = 10.0.40219.1
Project("{FAE04EC0-301F-11D3-BF4B-00C04F79EFBC}") = "Login Api", "Login Api.csproj", "{F2FB8261-8763-45DB-BC26-24A6424C69AE}"
EndProject
Global
	GlobalSection(SolutionConfigurationPlatforms) = preSolution
		Debug|Any CPU = Debug|Any CPU
		Release|Any CPU = Release|Any CPU
	EndGlobalSection
	GlobalSection(ProjectConfigurationPlatforms) = postSolution
		{F2FB8261-8763-45DB-BC26-24A6424C69AE}.Debug|Any CPU.ActiveCfg = Debug|Any CPU
		{F2FB8261-8763-45DB-BC26-24A6424C69AE}.Debug|Any CPU.Build.0 = Debug|Any CPU
		{F2FB8261-8763-45DB-BC26-24A6424C69AE}.Release|Any CPU.ActiveCfg = Release|Any CPU
		{F2FB8261-8763-45DB-BC26-24A6424C69AE}.Release|Any CPU.Build.0 = Release|Any CPU
	EndGlobalSection
	GlobalSection(SolutionProperties) = preSolution
		HideSolutionNode = FALSE
	EndGlobalSection
	GlobalSection(ExtensibilityGlobals) = postSolution
		SolutionGuid = {F2B204F7-19B3-4E49-9026-026BA9052A81}
	EndGlobalSection
EndGlobal
